// !$*UTF8*$!
{
	archiveVersion = 1;
	classes = {
	};
	objectVersion = 50;
	objects = {

/* Begin PBXBuildFile section */
		A2139786215D1255009649DD /* AppDelegate.swift in Sources */ = {isa = PBXBuildFile; fileRef = A2139785215D1255009649DD /* AppDelegate.swift */; };
		A2139788215D1255009649DD /* ViewController.swift in Sources */ = {isa = PBXBuildFile; fileRef = A2139787215D1255009649DD /* ViewController.swift */; };
		A213978B215D1256009649DD /* Main.storyboard in Resources */ = {isa = PBXBuildFile; fileRef = A2139789215D1256009649DD /* Main.storyboard */; };
		A213978D215D1263009649DD /* Assets.xcassets in Resources */ = {isa = PBXBuildFile; fileRef = A213978C215D1263009649DD /* Assets.xcassets */; };
		A2139790215D1263009649DD /* LaunchScreen.storyboard in Resources */ = {isa = PBXBuildFile; fileRef = A213978E215D1263009649DD /* LaunchScreen.storyboard */; };
		A213979C215D13FB009649DD /* AnimatedMaskLabel.swift in Sources */ = {isa = PBXBuildFile; fileRef = A213979B215D13FB009649DD /* AnimatedMaskLabel.swift */; };
/* End PBXBuildFile section */

/* Begin PBXFileReference section */
		A2139782215D1255009649DD /* GradientAnimations.app */ = {isa = PBXFileReference; explicitFileType = wrapper.application; includeInIndex = 0; path = GradientAnimations.app; sourceTree = BUILT_PRODUCTS_DIR; };
		A2139785215D1255009649DD /* AppDelegate.swift */ = {isa = PBXFileReference; lastKnownFileType = sourcecode.swift; path = AppDelegate.swift; sourceTree = "<group>"; };
		A2139787215D1255009649DD /* ViewController.swift */ = {isa = PBXFileReference; lastKnownFileType = sourcecode.swift; path = ViewController.swift; sourceTree = "<group>"; };
		A213978A215D1256009649DD /* Base */ = {isa = PBXFileReference; lastKnownFileType = file.storyboard; name = Base; path = Base.lproj/Main.storyboard; sourceTree = "<group>"; };
		A213978C215D1263009649DD /* Assets.xcassets */ = {isa = PBXFileReference; lastKnownFileType = folder.assetcatalog; path = Assets.xcassets; sourceTree = "<group>"; };
		A213978F215D1263009649DD /* Base */ = {isa = PBXFileReference; lastKnownFileType = file.storyboard; name = Base; path = Base.lproj/LaunchScreen.storyboard; sourceTree = "<group>"; };
		A2139791215D1263009649DD /* Info.plist */ = {isa = PBXFileReference; lastKnownFileType = text.plist.xml; path = Info.plist; sourceTree = "<group>"; };
		A213979B215D13FB009649DD /* AnimatedMaskLabel.swift */ = {isa = PBXFileReference; lastKnownFileType = sourcecode.swift; path = AnimatedMaskLabel.swift; sourceTree = "<group>"; };
/* End PBXFileReference section */

/* Begin PBXFrameworksBuildPhase section */
		A213977F215D1255009649DD /* Frameworks */ = {
			isa = PBXFrameworksBuildPhase;
			buildActionMask = 2147483647;
			files = (
			);
			runOnlyForDeploymentPostprocessing = 0;
		};
/* End PBXFrameworksBuildPhase section */

/* Begin PBXGroup section */
		A2139779215D1255009649DD = {
			isa = PBXGroup;
			children = (
				A2139784215D1255009649DD /* GradientAnimations */,
				A2139783215D1255009649DD /* Products */,
			);
			sourceTree = "<group>";
		};
		A2139783215D1255009649DD /* Products */ = {
			isa = PBXGroup;
			children = (
				A2139782215D1255009649DD /* GradientAnimations.app */,
			);
			name = Products;
			sourceTree = "<group>";
		};
		A2139784215D1255009649DD /* GradientAnimations */ = {
			isa = PBXGroup;
			children = (
				A213979D215D146A009649DD /* Views */,
				A213979A215D128E009649DD /* Controllers */,
				A2139799215D1286009649DD /* Storyboards */,
				A2139797215D1271009649DD /* Resources */,
				A2139798215D1278009649DD /* Supporting Files */,
			);
			path = GradientAnimations;
			sourceTree = "<group>";
		};
		A2139797215D1271009649DD /* Resources */ = {
			isa = PBXGroup;
			children = (
				A213978C215D1263009649DD /* Assets.xcassets */,
			);
			path = Resources;
			sourceTree = "<group>";
		};
		A2139798215D1278009649DD /* Supporting Files */ = {
			isa = PBXGroup;
			children = (
				A2139785215D1255009649DD /* AppDelegate.swift */,
				A2139791215D1263009649DD /* Info.plist */,
			);
			path = "Supporting Files";
			sourceTree = "<group>";
		};
		A2139799215D1286009649DD /* Storyboards */ = {
			isa = PBXGroup;
			children = (
				A2139789215D1256009649DD /* Main.storyboard */,
				A213978E215D1263009649DD /* LaunchScreen.storyboard */,
			);
			path = Storyboards;
			sourceTree = "<group>";
		};
		A213979A215D128E009649DD /* Controllers */ = {
			isa = PBXGroup;
			children = (
				A2139787215D1255009649DD /* ViewController.swift */,
			);
			path = Controllers;
			sourceTree = "<group>";
		};
		A213979D215D146A009649DD /* Views */ = {
			isa = PBXGroup;
			children = (
				A213979B215D13FB009649DD /* AnimatedMaskLabel.swift */,
			);
			path = Views;
			sourceTree = "<group>";
		};
/* End PBXGroup section */

/* Begin PBXNativeTarget section */
		A2139781215D1255009649DD /* GradientAnimations */ = {
			isa = PBXNativeTarget;
			buildConfigurationList = A2139794215D1263009649DD /* Build configuration list for PBXNativeTarget "GradientAnimations" */;
			buildPhases = (
				A213977E215D1255009649DD /* Sources */,
				A213977F215D1255009649DD /* Frameworks */,
				A2139780215D1255009649DD /* Resources */,
			);
			buildRules = (
			);
			dependencies = (
			);
			name = GradientAnimations;
			productName = GradientAnimations;
			productReference = A2139782215D1255009649DD /* GradientAnimations.app */;
			productType = "com.apple.product-type.application";
		};
/* End PBXNativeTarget section */

/* Begin PBXProject section */
		A213977A215D1255009649DD /* Project object */ = {
			isa = PBXProject;
			attributes = {
				LastSwiftUpdateCheck = 1000;
				LastUpgradeCheck = 1000;
				ORGANIZATIONNAME = "Marian Stanciulica";
				TargetAttributes = {
					A2139781215D1255009649DD = {
						CreatedOnToolsVersion = 10.0;
					};
				};
			};
			buildConfigurationList = A213977D215D1255009649DD /* Build configuration list for PBXProject "GradientAnimations" */;
			compatibilityVersion = "Xcode 9.3";
			developmentRegion = en;
			hasScannedForEncodings = 0;
			knownRegions = (
				en,
				Base,
			);
			mainGroup = A2139779215D1255009649DD;
			productRefGroup = A2139783215D1255009649DD /* Products */;
			projectDirPath = "";
			projectRoot = "";
			targets = (
				A2139781215D1255009649DD /* GradientAnimations */,
			);
		};
/* End PBXProject section */

/* Begin PBXResourcesBuildPhase section */
		A2139780215D1255009649DD /* Resources */ = {
			isa = PBXResourcesBuildPhase;
			buildActionMask = 2147483647;
			files = (
				A2139790215D1263009649DD /* LaunchScreen.storyboard in Resources */,
				A213978D215D1263009649DD /* Assets.xcassets in Resources */,
				A213978B215D1256009649DD /* Main.storyboard in Resources */,
			);
			runOnlyForDeploymentPostprocessing = 0;
		};
/* End PBXResourcesBuildPhase section */

/* Begin PBXSourcesBuildPhase section */
		A213977E215D1255009649DD /* Sources */ = {
			isa = PBXSourcesBuildPhase;
			buildActionMask = 2147483647;
			files = (
				A2139788215D1255009649DD /* ViewController.swift in Sources */,
				A2139786215D1255009649DD /* AppDelegate.swift in Sources */,
				A213979C215D13FB009649DD /* AnimatedMaskLabel.swift in Sources */,
			);
			runOnlyForDeploymentPostprocessing = 0;
		};
/* End PBXSourcesBuildPhase section */

/* Begin PBXVariantGroup section */
		A2139789215D1256009649DD /* Main.storyboard */ = {
			isa = PBXVariantGroup;
			children = (
				A213978A215D1256009649DD /* Base */,
			);
			name = Main.storyboard;
			sourceTree = "<group>";
		};
		A213978E215D1263009649DD /* LaunchScreen.storyboard */ = {
			isa = PBXVariantGroup;
			children = (
				A213978F215D1263009649DD /* Base */,
			);
			name = LaunchScreen.storyboard;
			sourceTree = "<group>";
		};
/* End PBXVariantGroup section */

/* Begin XCBuildConfiguration section */
		A2139792215D1263009649DD /* Debug */ = {
			isa = XCBuildConfiguration;
			buildSettings = {
				ALWAYS_SEARCH_USER_PATHS = NO;
				CLANG_ANALYZER_NONNULL = YES;
				CLANG_ANALYZER_NUMBER_OBJECT_CONVERSION = YES_AGGRESSIVE;
				CLANG_CXX_LANGUAGE_STANDARD = "gnu++14";
				CLANG_CXX_LIBRARY = "libc++";
				CLANG_ENABLE_MODULES = YES;
				CLANG_ENABLE_OBJC_ARC = YES;
				CLANG_ENABLE_OBJC_WEAK = YES;
				CLANG_WARN_BLOCK_CAPTURE_AUTORELEASING = YES;
				CLANG_WARN_BOOL_CONVERSION = YES;
				CLANG_WARN_COMMA = YES;
				CLANG_WARN_CONSTANT_CONVERSION = YES;
				CLANG_WARN_DEPRECATED_OBJC_IMPLEMENTATIONS = YES;
				CLANG_WARN_DIRECT_OBJC_ISA_USAGE = YES_ERROR;
				CLANG_WARN_DOCUMENTATION_COMMENTS = YES;
				CLANG_WARN_EMPTY_BODY = YES;
				CLANG_WARN_ENUM_CONVERSION = YES;
				CLANG_WARN_INFINITE_RECURSION = YES;
				CLANG_WARN_INT_CONVERSION = YES;
				CLANG_WARN_NON_LITERAL_NULL_CONVERSION = YES;
				CLANG_WARN_OBJC_IMPLICIT_RETAIN_SELF = YES;
				CLANG_WARN_OBJC_LITERAL_CONVERSION = YES;
				CLANG_WARN_OBJC_ROOT_CLASS = YES_ERROR;
				CLANG_WARN_RANGE_LOOP_ANALYSIS = YES;
				CLANG_WARN_STRICT_PROTOTYPES = YES;
				CLANG_WARN_SUSPICIOUS_MOVE = YES;
				CLANG_WARN_UNGUARDED_AVAILABILITY = YES_AGGRESSIVE;
				CLANG_WARN_UNREACHABLE_CODE = YES;
				CLANG_WARN__DUPLICATE_METHOD_MATCH = YES;
				CODE_SIGN_IDENTITY = "iPhone Developer";
				COPY_PHASE_STRIP = NO;
				DEBUG_INFORMATION_FORMAT = dwarf;
				ENABLE_STRICT_OBJC_MSGSEND = YES;
				ENABLE_TESTABILITY = YES;
				GCC_C_LANGUAGE_STANDARD = gnu11;
				GCC_DYNAMIC_NO_PIC = NO;
				GCC_NO_COMMON_BLOCKS = YES;
				GCC_OPTIMIZATION_LEVEL = 0;
				GCC_PREPROCESSOR_DEFINITIONS = (
					"DEBUG=1",
					"$(inherited)",
				);
				GCC_WARN_64_TO_32_BIT_CONVERSION = YES;
				GCC_WARN_ABOUT_RETURN_TYPE = YES_ERROR;
				GCC_WARN_UNDECLARED_SELECTOR = YES;
				GCC_WARN_UNINITIALIZED_AUTOS = YES_AGGRESSIVE;
				GCC_WARN_UNUSED_FUNCTION = YES;
				GCC_WARN_UNUSED_VARIABLE = YES;
				IPHONEOS_DEPLOYMENT_TARGET = 12.0;
				MTL_ENABLE_DEBUG_INFO = INCLUDE_SOURCE;
				MTL_FAST_MATH = YES;
				ONLY_ACTIVE_ARCH = YES;
				SDKROOT = iphoneos;
				SWIFT_ACTIVE_COMPILATION_CONDITIONS = DEBUG;
				SWIFT_OPTIMIZATION_LEVEL = "-Onone";
			};
			name = Debug;
		};
		A2139793215D1263009649DD /* Release */ = {
			isa = XCBuildConfiguration;
			buildSettings = {
				ALWAYS_SEARCH_USER_PATHS = NO;
				CLANG_ANALYZER_NONNULL = YES;
				CLANG_ANALYZER_NUMBER_OBJECT_CONVERSION = YES_AGGRESSIVE;
				CLANG_CXX_LANGUAGE_STANDARD = "gnu++14";
				CLANG_CXX_LIBRARY = "libc++";
				CLANG_ENABLE_MODULES = YES;
				CLANG_ENABLE_OBJC_ARC = YES;
				CLANG_ENABLE_OBJC_WEAK = YES;
				CLANG_WARN_BLOCK_CAPTURE_AUTORELEASING = YES;
				CLANG_WARN_BOOL_CONVERSION = YES;
				CLANG_WARN_COMMA = YES;
				CLANG_WARN_CONSTANT_CONVERSION = YES;
				CLANG_WARN_DEPRECATED_OBJC_IMPLEMENTATIONS = YES;
				CLANG_WARN_DIRECT_OBJC_ISA_USAGE = YES_ERROR;
				CLANG_WARN_DOCUMENTATION_COMMENTS = YES;
				CLANG_WARN_EMPTY_BODY = YES;
				CLANG_WARN_ENUM_CONVERSION = YES;
				CLANG_WARN_INFINITE_RECURSION = YES;
				CLANG_WARN_INT_CONVERSION = YES;
				CLANG_WARN_NON_LITERAL_NULL_CONVERSION = YES;
				CLANG_WARN_OBJC_IMPLICIT_RETAIN_SELF = YES;
				CLANG_WARN_OBJC_LITERAL_CONVERSION = YES;
				CLANG_WARN_OBJC_ROOT_CLASS = YES_ERROR;
				CLANG_WARN_RANGE_LOOP_ANALYSIS = YES;
				CLANG_WARN_STRICT_PROTOTYPES = YES;
				CLANG_WARN_SUSPICIOUS_MOVE = YES;
				CLANG_WARN_UNGUARDED_AVAILABILITY = YES_AGGRESSIVE;
				CLANG_WARN_UNREACHABLE_CODE = YES;
				CLANG_WARN__DUPLICATE_METHOD_MATCH = YES;
				CODE_SIGN_IDENTITY = "iPhone Developer";
				COPY_PHASE_STRIP = NO;
				DEBUG_INFORMATION_FORMAT = "dwarf-with-dsym";
				ENABLE_NS_ASSERTIONS = NO;
				ENABLE_STRICT_OBJC_MSGSEND = YES;
				GCC_C_LANGUAGE_STANDARD = gnu11;
				GCC_NO_COMMON_BLOCKS = YES;
				GCC_WARN_64_TO_32_BIT_CONVERSION = YES;
				GCC_WARN_ABOUT_RETURN_TYPE = YES_ERROR;
				GCC_WARN_UNDECLARED_SELECTOR = YES;
				GCC_WARN_UNINITIALIZED_AUTOS = YES_AGGRESSIVE;
				GCC_WARN_UNUSED_FUNCTION = YES;
				GCC_WARN_UNUSED_VARIABLE = YES;
				IPHONEOS_DEPLOYMENT_TARGET = 12.0;
				MTL_ENABLE_DEBUG_INFO = NO;
				MTL_FAST_MATH = YES;
				SDKROOT = iphoneos;
				SWIFT_COMPILATION_MODE = wholemodule;
				SWIFT_OPTIMIZATION_LEVEL = "-O";
				VALIDATE_PRODUCT = YES;
			};
			name = Release;
		};
		A2139795215D1263009649DD /* Debug */ = {
			isa = XCBuildConfiguration;
			buildSettings = {
				ASSETCATALOG_COMPILER_APPICON_NAME = AppIcon;
				CODE_SIGN_STYLE = Automatic;
				DEVELOPMENT_TEAM = ULSKSPKFH7;
				INFOPLIST_FILE = "$(SRCROOT)/GradientAnimations/Supporting Files/Info.plist";
				LD_RUNPATH_SEARCH_PATHS = (
					"$(inherited)",
					"@executable_path/Frameworks",
				);
				PRODUCT_BUNDLE_IDENTIFIER = com.marian.GradientAnimations;
				PRODUCT_NAME = "$(TARGET_NAME)";
				SWIFT_VERSION = 4.2;
				TARGETED_DEVICE_FAMILY = "1,2";
			};
			name = Debug;
		};
		A2139796215D1263009649DD /* Release */ = {
			isa = XCBuildConfiguration;
			buildSettings = {
				ASSETCATALOG_COMPILER_APPICON_NAME = AppIcon;
				CODE_SIGN_STYLE = Automatic;
				DEVELOPMENT_TEAM = ULSKSPKFH7;
				INFOPLIST_FILE = "$(SRCROOT)/GradientAnimations/Supporting Files/Info.plist";
				LD_RUNPATH_SEARCH_PATHS = (
					"$(inherited)",
					"@executable_path/Frameworks",
				);
				PRODUCT_BUNDLE_IDENTIFIER = com.marian.GradientAnimations;
				PRODUCT_NAME = "$(TARGET_NAME)";
				SWIFT_VERSION = 4.2;
				TARGETED_DEVICE_FAMILY = "1,2";
			};
			name = Release;
		};
/* End XCBuildConfiguration section */

/* Begin XCConfigurationList section */
		A213977D215D1255009649DD /* Build configuration list for PBXProject "GradientAnimations" */ = {
			isa = XCConfigurationList;
			buildConfigurations = (
				A2139792215D1263009649DD /* Debug */,
				A2139793215D1263009649DD /* Release */,
			);
			defaultConfigurationIsVisible = 0;
			defaultConfigurationName = Release;
		};
		A2139794215D1263009649DD /* Build configuration list for PBXNativeTarget "GradientAnimations" */ = {
			isa = XCConfigurationList;
			buildConfigurations = (
				A2139795215D1263009649DD /* Debug */,
				A2139796215D1263009649DD /* Release */,
			);
			defaultConfigurationIsVisible = 0;
			defaultConfigurationName = Release;
		};
/* End XCConfigurationList section */
	};
	rootObject = A213977A215D1255009649DD /* Project object */;
}
