// !$*UTF8*$!
{
	archiveVersion = 1;
	classes = {
	};
	objectVersion = 50;
	objects = {

/* Begin PBXBuildFile section */
		A2EFAFE6216CE45D00CC65DD /* AppDelegate.swift in Sources */ = {isa = PBXBuildFile; fileRef = A2EFAFE5216CE45D00CC65DD /* AppDelegate.swift */; };
		A2EFAFE8216CE45E00CC65DD /* ViewController.swift in Sources */ = {isa = PBXBuildFile; fileRef = A2EFAFE7216CE45E00CC65DD /* ViewController.swift */; };
		A2EFAFEB216CE45E00CC65DD /* Main.storyboard in Resources */ = {isa = PBXBuildFile; fileRef = A2EFAFE9216CE45E00CC65DD /* Main.storyboard */; };
		A2EFAFED216CE47300CC65DD /* Assets.xcassets in Resources */ = {isa = PBXBuildFile; fileRef = A2EFAFEC216CE47300CC65DD /* Assets.xcassets */; };
		A2EFAFF0216CE47300CC65DD /* LaunchScreen.storyboard in Resources */ = {isa = PBXBuildFile; fileRef = A2EFAFEE216CE47300CC65DD /* LaunchScreen.storyboard */; };
		A2EFAFFC216CE75B00CC65DD /* FlightData.swift in Sources */ = {isa = PBXBuildFile; fileRef = A2EFAFFB216CE75B00CC65DD /* FlightData.swift */; };
/* End PBXBuildFile section */

/* Begin PBXFileReference section */
		A2EFAFE2216CE45D00CC65DD /* SnowAnimation.app */ = {isa = PBXFileReference; explicitFileType = wrapper.application; includeInIndex = 0; path = SnowAnimation.app; sourceTree = BUILT_PRODUCTS_DIR; };
		A2EFAFE5216CE45D00CC65DD /* AppDelegate.swift */ = {isa = PBXFileReference; lastKnownFileType = sourcecode.swift; path = AppDelegate.swift; sourceTree = "<group>"; };
		A2EFAFE7216CE45E00CC65DD /* ViewController.swift */ = {isa = PBXFileReference; lastKnownFileType = sourcecode.swift; path = ViewController.swift; sourceTree = "<group>"; };
		A2EFAFEA216CE45E00CC65DD /* Base */ = {isa = PBXFileReference; lastKnownFileType = file.storyboard; name = Base; path = Base.lproj/Main.storyboard; sourceTree = "<group>"; };
		A2EFAFEC216CE47300CC65DD /* Assets.xcassets */ = {isa = PBXFileReference; lastKnownFileType = folder.assetcatalog; path = Assets.xcassets; sourceTree = "<group>"; };
		A2EFAFEF216CE47300CC65DD /* Base */ = {isa = PBXFileReference; lastKnownFileType = file.storyboard; name = Base; path = Base.lproj/LaunchScreen.storyboard; sourceTree = "<group>"; };
		A2EFAFF1216CE47300CC65DD /* Info.plist */ = {isa = PBXFileReference; lastKnownFileType = text.plist.xml; path = Info.plist; sourceTree = "<group>"; };
		A2EFAFFB216CE75B00CC65DD /* FlightData.swift */ = {isa = PBXFileReference; lastKnownFileType = sourcecode.swift; path = FlightData.swift; sourceTree = "<group>"; };
/* End PBXFileReference section */

/* Begin PBXFrameworksBuildPhase section */
		A2EFAFDF216CE45D00CC65DD /* Frameworks */ = {
			isa = PBXFrameworksBuildPhase;
			buildActionMask = 2147483647;
			files = (
			);
			runOnlyForDeploymentPostprocessing = 0;
		};
/* End PBXFrameworksBuildPhase section */

/* Begin PBXGroup section */
		A2EFAFD9216CE45D00CC65DD = {
			isa = PBXGroup;
			children = (
				A2EFAFE4216CE45D00CC65DD /* SnowAnimation */,
				A2EFAFE3216CE45D00CC65DD /* Products */,
			);
			sourceTree = "<group>";
		};
		A2EFAFE3216CE45D00CC65DD /* Products */ = {
			isa = PBXGroup;
			children = (
				A2EFAFE2216CE45D00CC65DD /* SnowAnimation.app */,
			);
			name = Products;
			sourceTree = "<group>";
		};
		A2EFAFE4216CE45D00CC65DD /* SnowAnimation */ = {
			isa = PBXGroup;
			children = (
				A2EFAFFB216CE75B00CC65DD /* FlightData.swift */,
				A2EFAFF8216CE48300CC65DD /* Controllers */,
				A2EFAFF7216CE47D00CC65DD /* Storyboards */,
				A2EFAFFA216CE49100CC65DD /* Supporting Files */,
				A2EFAFF9216CE48A00CC65DD /* Resources */,
			);
			path = SnowAnimation;
			sourceTree = "<group>";
		};
		A2EFAFF7216CE47D00CC65DD /* Storyboards */ = {
			isa = PBXGroup;
			children = (
				A2EFAFE9216CE45E00CC65DD /* Main.storyboard */,
				A2EFAFEE216CE47300CC65DD /* LaunchScreen.storyboard */,
			);
			path = Storyboards;
			sourceTree = "<group>";
		};
		A2EFAFF8216CE48300CC65DD /* Controllers */ = {
			isa = PBXGroup;
			children = (
				A2EFAFE7216CE45E00CC65DD /* ViewController.swift */,
			);
			path = Controllers;
			sourceTree = "<group>";
		};
		A2EFAFF9216CE48A00CC65DD /* Resources */ = {
			isa = PBXGroup;
			children = (
				A2EFAFEC216CE47300CC65DD /* Assets.xcassets */,
			);
			path = Resources;
			sourceTree = "<group>";
		};
		A2EFAFFA216CE49100CC65DD /* Supporting Files */ = {
			isa = PBXGroup;
			children = (
				A2EFAFE5216CE45D00CC65DD /* AppDelegate.swift */,
				A2EFAFF1216CE47300CC65DD /* Info.plist */,
			);
			path = "Supporting Files";
			sourceTree = "<group>";
		};
/* End PBXGroup section */

/* Begin PBXNativeTarget section */
		A2EFAFE1216CE45D00CC65DD /* SnowAnimation */ = {
			isa = PBXNativeTarget;
			buildConfigurationList = A2EFAFF4216CE47300CC65DD /* Build configuration list for PBXNativeTarget "SnowAnimation" */;
			buildPhases = (
				A2EFAFDE216CE45D00CC65DD /* Sources */,
				A2EFAFDF216CE45D00CC65DD /* Frameworks */,
				A2EFAFE0216CE45D00CC65DD /* Resources */,
			);
			buildRules = (
			);
			dependencies = (
			);
			name = SnowAnimation;
			productName = SnowAnimation;
			productReference = A2EFAFE2216CE45D00CC65DD /* SnowAnimation.app */;
			productType = "com.apple.product-type.application";
		};
/* End PBXNativeTarget section */

/* Begin PBXProject section */
		A2EFAFDA216CE45D00CC65DD /* Project object */ = {
			isa = PBXProject;
			attributes = {
				LastSwiftUpdateCheck = 1000;
				LastUpgradeCheck = 1000;
				ORGANIZATIONNAME = "Marian Stanciulica";
				TargetAttributes = {
					A2EFAFE1216CE45D00CC65DD = {
						CreatedOnToolsVersion = 10.0;
					};
				};
			};
			buildConfigurationList = A2EFAFDD216CE45D00CC65DD /* Build configuration list for PBXProject "SnowAnimation" */;
			compatibilityVersion = "Xcode 9.3";
			developmentRegion = en;
			hasScannedForEncodings = 0;
			knownRegions = (
				en,
				Base,
			);
			mainGroup = A2EFAFD9216CE45D00CC65DD;
			productRefGroup = A2EFAFE3216CE45D00CC65DD /* Products */;
			projectDirPath = "";
			projectRoot = "";
			targets = (
				A2EFAFE1216CE45D00CC65DD /* SnowAnimation */,
			);
		};
/* End PBXProject section */

/* Begin PBXResourcesBuildPhase section */
		A2EFAFE0216CE45D00CC65DD /* Resources */ = {
			isa = PBXResourcesBuildPhase;
			buildActionMask = 2147483647;
			files = (
				A2EFAFF0216CE47300CC65DD /* LaunchScreen.storyboard in Resources */,
				A2EFAFED216CE47300CC65DD /* Assets.xcassets in Resources */,
				A2EFAFEB216CE45E00CC65DD /* Main.storyboard in Resources */,
			);
			runOnlyForDeploymentPostprocessing = 0;
		};
/* End PBXResourcesBuildPhase section */

/* Begin PBXSourcesBuildPhase section */
		A2EFAFDE216CE45D00CC65DD /* Sources */ = {
			isa = PBXSourcesBuildPhase;
			buildActionMask = 2147483647;
			files = (
				A2EFAFE8216CE45E00CC65DD /* ViewController.swift in Sources */,
				A2EFAFFC216CE75B00CC65DD /* FlightData.swift in Sources */,
				A2EFAFE6216CE45D00CC65DD /* AppDelegate.swift in Sources */,
			);
			runOnlyForDeploymentPostprocessing = 0;
		};
/* End PBXSourcesBuildPhase section */

/* Begin PBXVariantGroup section */
		A2EFAFE9216CE45E00CC65DD /* Main.storyboard */ = {
			isa = PBXVariantGroup;
			children = (
				A2EFAFEA216CE45E00CC65DD /* Base */,
			);
			name = Main.storyboard;
			sourceTree = "<group>";
		};
		A2EFAFEE216CE47300CC65DD /* LaunchScreen.storyboard */ = {
			isa = PBXVariantGroup;
			children = (
				A2EFAFEF216CE47300CC65DD /* Base */,
			);
			name = LaunchScreen.storyboard;
			sourceTree = "<group>";
		};
/* End PBXVariantGroup section */

/* Begin XCBuildConfiguration section */
		A2EFAFF2216CE47300CC65DD /* Debug */ = {
			isa = XCBuildConfiguration;
			buildSettings = {
				ALWAYS_SEARCH_USER_PATHS = NO;
				CLANG_ANALYZER_NONNULL = YES;
				CLANG_ANALYZER_NUMBER_OBJECT_CONVERSION = YES_AGGRESSIVE;
				CLANG_CXX_LANGUAGE_STANDARD = "gnu++14";
				CLANG_CXX_LIBRARY = "libc++";
				CLANG_ENABLE_MODULES = YES;
				CLANG_ENABLE_OBJC_ARC = YES;
				CLANG_ENABLE_OBJC_WEAK = YES;
				CLANG_WARN_BLOCK_CAPTURE_AUTORELEASING = YES;
				CLANG_WARN_BOOL_CONVERSION = YES;
				CLANG_WARN_COMMA = YES;
				CLANG_WARN_CONSTANT_CONVERSION = YES;
				CLANG_WARN_DEPRECATED_OBJC_IMPLEMENTATIONS = YES;
				CLANG_WARN_DIRECT_OBJC_ISA_USAGE = YES_ERROR;
				CLANG_WARN_DOCUMENTATION_COMMENTS = YES;
				CLANG_WARN_EMPTY_BODY = YES;
				CLANG_WARN_ENUM_CONVERSION = YES;
				CLANG_WARN_INFINITE_RECURSION = YES;
				CLANG_WARN_INT_CONVERSION = YES;
				CLANG_WARN_NON_LITERAL_NULL_CONVERSION = YES;
				CLANG_WARN_OBJC_IMPLICIT_RETAIN_SELF = YES;
				CLANG_WARN_OBJC_LITERAL_CONVERSION = YES;
				CLANG_WARN_OBJC_ROOT_CLASS = YES_ERROR;
				CLANG_WARN_RANGE_LOOP_ANALYSIS = YES;
				CLANG_WARN_STRICT_PROTOTYPES = YES;
				CLANG_WARN_SUSPICIOUS_MOVE = YES;
				CLANG_WARN_UNGUARDED_AVAILABILITY = YES_AGGRESSIVE;
				CLANG_WARN_UNREACHABLE_CODE = YES;
				CLANG_WARN__DUPLICATE_METHOD_MATCH = YES;
				CODE_SIGN_IDENTITY = "iPhone Developer";
				COPY_PHASE_STRIP = NO;
				DEBUG_INFORMATION_FORMAT = dwarf;
				ENABLE_STRICT_OBJC_MSGSEND = YES;
				ENABLE_TESTABILITY = YES;
				GCC_C_LANGUAGE_STANDARD = gnu11;
				GCC_DYNAMIC_NO_PIC = NO;
				GCC_NO_COMMON_BLOCKS = YES;
				GCC_OPTIMIZATION_LEVEL = 0;
				GCC_PREPROCESSOR_DEFINITIONS = (
					"DEBUG=1",
					"$(inherited)",
				);
				GCC_WARN_64_TO_32_BIT_CONVERSION = YES;
				GCC_WARN_ABOUT_RETURN_TYPE = YES_ERROR;
				GCC_WARN_UNDECLARED_SELECTOR = YES;
				GCC_WARN_UNINITIALIZED_AUTOS = YES_AGGRESSIVE;
				GCC_WARN_UNUSED_FUNCTION = YES;
				GCC_WARN_UNUSED_VARIABLE = YES;
				IPHONEOS_DEPLOYMENT_TARGET = 12.0;
				MTL_ENABLE_DEBUG_INFO = INCLUDE_SOURCE;
				MTL_FAST_MATH = YES;
				ONLY_ACTIVE_ARCH = YES;
				SDKROOT = iphoneos;
				SWIFT_ACTIVE_COMPILATION_CONDITIONS = DEBUG;
				SWIFT_OPTIMIZATION_LEVEL = "-Onone";
			};
			name = Debug;
		};
		A2EFAFF3216CE47300CC65DD /* Release */ = {
			isa = XCBuildConfiguration;
			buildSettings = {
				ALWAYS_SEARCH_USER_PATHS = NO;
				CLANG_ANALYZER_NONNULL = YES;
				CLANG_ANALYZER_NUMBER_OBJECT_CONVERSION = YES_AGGRESSIVE;
				CLANG_CXX_LANGUAGE_STANDARD = "gnu++14";
				CLANG_CXX_LIBRARY = "libc++";
				CLANG_ENABLE_MODULES = YES;
				CLANG_ENABLE_OBJC_ARC = YES;
				CLANG_ENABLE_OBJC_WEAK = YES;
				CLANG_WARN_BLOCK_CAPTURE_AUTORELEASING = YES;
				CLANG_WARN_BOOL_CONVERSION = YES;
				CLANG_WARN_COMMA = YES;
				CLANG_WARN_CONSTANT_CONVERSION = YES;
				CLANG_WARN_DEPRECATED_OBJC_IMPLEMENTATIONS = YES;
				CLANG_WARN_DIRECT_OBJC_ISA_USAGE = YES_ERROR;
				CLANG_WARN_DOCUMENTATION_COMMENTS = YES;
				CLANG_WARN_EMPTY_BODY = YES;
				CLANG_WARN_ENUM_CONVERSION = YES;
				CLANG_WARN_INFINITE_RECURSION = YES;
				CLANG_WARN_INT_CONVERSION = YES;
				CLANG_WARN_NON_LITERAL_NULL_CONVERSION = YES;
				CLANG_WARN_OBJC_IMPLICIT_RETAIN_SELF = YES;
				CLANG_WARN_OBJC_LITERAL_CONVERSION = YES;
				CLANG_WARN_OBJC_ROOT_CLASS = YES_ERROR;
				CLANG_WARN_RANGE_LOOP_ANALYSIS = YES;
				CLANG_WARN_STRICT_PROTOTYPES = YES;
				CLANG_WARN_SUSPICIOUS_MOVE = YES;
				CLANG_WARN_UNGUARDED_AVAILABILITY = YES_AGGRESSIVE;
				CLANG_WARN_UNREACHABLE_CODE = YES;
				CLANG_WARN__DUPLICATE_METHOD_MATCH = YES;
				CODE_SIGN_IDENTITY = "iPhone Developer";
				COPY_PHASE_STRIP = NO;
				DEBUG_INFORMATION_FORMAT = "dwarf-with-dsym";
				ENABLE_NS_ASSERTIONS = NO;
				ENABLE_STRICT_OBJC_MSGSEND = YES;
				GCC_C_LANGUAGE_STANDARD = gnu11;
				GCC_NO_COMMON_BLOCKS = YES;
				GCC_WARN_64_TO_32_BIT_CONVERSION = YES;
				GCC_WARN_ABOUT_RETURN_TYPE = YES_ERROR;
				GCC_WARN_UNDECLARED_SELECTOR = YES;
				GCC_WARN_UNINITIALIZED_AUTOS = YES_AGGRESSIVE;
				GCC_WARN_UNUSED_FUNCTION = YES;
				GCC_WARN_UNUSED_VARIABLE = YES;
				IPHONEOS_DEPLOYMENT_TARGET = 12.0;
				MTL_ENABLE_DEBUG_INFO = NO;
				MTL_FAST_MATH = YES;
				SDKROOT = iphoneos;
				SWIFT_COMPILATION_MODE = wholemodule;
				SWIFT_OPTIMIZATION_LEVEL = "-O";
				VALIDATE_PRODUCT = YES;
			};
			name = Release;
		};
		A2EFAFF5216CE47300CC65DD /* Debug */ = {
			isa = XCBuildConfiguration;
			buildSettings = {
				ASSETCATALOG_COMPILER_APPICON_NAME = AppIcon;
				CODE_SIGN_STYLE = Automatic;
				DEVELOPMENT_TEAM = ULSKSPKFH7;
				INFOPLIST_FILE = "$(SRCROOT)/SnowAnimation/Supporting Files/Info.plist";
				LD_RUNPATH_SEARCH_PATHS = (
					"$(inherited)",
					"@executable_path/Frameworks",
				);
				PRODUCT_BUNDLE_IDENTIFIER = com.marian.SnowAnimation;
				PRODUCT_NAME = "$(TARGET_NAME)";
				SWIFT_VERSION = 4.2;
				TARGETED_DEVICE_FAMILY = "1,2";
			};
			name = Debug;
		};
		A2EFAFF6216CE47300CC65DD /* Release */ = {
			isa = XCBuildConfiguration;
			buildSettings = {
				ASSETCATALOG_COMPILER_APPICON_NAME = AppIcon;
				CODE_SIGN_STYLE = Automatic;
				DEVELOPMENT_TEAM = ULSKSPKFH7;
				INFOPLIST_FILE = "$(SRCROOT)/SnowAnimation/Supporting Files/Info.plist";
				LD_RUNPATH_SEARCH_PATHS = (
					"$(inherited)",
					"@executable_path/Frameworks",
				);
				PRODUCT_BUNDLE_IDENTIFIER = com.marian.SnowAnimation;
				PRODUCT_NAME = "$(TARGET_NAME)";
				SWIFT_VERSION = 4.2;
				TARGETED_DEVICE_FAMILY = "1,2";
			};
			name = Release;
		};
/* End XCBuildConfiguration section */

/* Begin XCConfigurationList section */
		A2EFAFDD216CE45D00CC65DD /* Build configuration list for PBXProject "SnowAnimation" */ = {
			isa = XCConfigurationList;
			buildConfigurations = (
				A2EFAFF2216CE47300CC65DD /* Debug */,
				A2EFAFF3216CE47300CC65DD /* Release */,
			);
			defaultConfigurationIsVisible = 0;
			defaultConfigurationName = Release;
		};
		A2EFAFF4216CE47300CC65DD /* Build configuration list for PBXNativeTarget "SnowAnimation" */ = {
			isa = XCConfigurationList;
			buildConfigurations = (
				A2EFAFF5216CE47300CC65DD /* Debug */,
				A2EFAFF6216CE47300CC65DD /* Release */,
			);
			defaultConfigurationIsVisible = 0;
			defaultConfigurationName = Release;
		};
/* End XCConfigurationList section */
	};
	rootObject = A2EFAFDA216CE45D00CC65DD /* Project object */;
}
