// !$*UTF8*$!
{
	archiveVersion = 1;
	classes = {
	};
	objectVersion = 50;
	objects = {

/* Begin PBXBuildFile section */
		A2EFAF96216C874000CC65DD /* AppDelegate.swift in Sources */ = {isa = PBXBuildFile; fileRef = A2EFAF95216C874000CC65DD /* AppDelegate.swift */; };
		A2EFAF98216C874000CC65DD /* CenterViewController.swift in Sources */ = {isa = PBXBuildFile; fileRef = A2EFAF97216C874000CC65DD /* CenterViewController.swift */; };
		A2EFAF9B216C874000CC65DD /* Main.storyboard in Resources */ = {isa = PBXBuildFile; fileRef = A2EFAF99216C874000CC65DD /* Main.storyboard */; };
		A2EFAF9D216C874600CC65DD /* Assets.xcassets in Resources */ = {isa = PBXBuildFile; fileRef = A2EFAF9C216C874600CC65DD /* Assets.xcassets */; };
		A2EFAFA0216C874600CC65DD /* LaunchScreen.storyboard in Resources */ = {isa = PBXBuildFile; fileRef = A2EFAF9E216C874600CC65DD /* LaunchScreen.storyboard */; };
		A2EFAFAD216C8A1700CC65DD /* MenuIButton.swift in Sources */ = {isa = PBXBuildFile; fileRef = A2EFAFAC216C8A1700CC65DD /* MenuIButton.swift */; };
		A2EFAFB0216C8A5700CC65DD /* MenuItem.swift in Sources */ = {isa = PBXBuildFile; fileRef = A2EFAFAF216C8A5700CC65DD /* MenuItem.swift */; };
		A2EFAFB2216C8C9D00CC65DD /* SideMenuTableViewController.swift in Sources */ = {isa = PBXBuildFile; fileRef = A2EFAFB1216C8C9D00CC65DD /* SideMenuTableViewController.swift */; };
		A2EFAFB4216C8E9200CC65DD /* ContainerViewController.swift in Sources */ = {isa = PBXBuildFile; fileRef = A2EFAFB3216C8E9200CC65DD /* ContainerViewController.swift */; };
/* End PBXBuildFile section */

/* Begin PBXFileReference section */
		A2EFAF92216C874000CC65DD /* PhoneBookAnimations.app */ = {isa = PBXFileReference; explicitFileType = wrapper.application; includeInIndex = 0; path = PhoneBookAnimations.app; sourceTree = BUILT_PRODUCTS_DIR; };
		A2EFAF95216C874000CC65DD /* AppDelegate.swift */ = {isa = PBXFileReference; lastKnownFileType = sourcecode.swift; path = AppDelegate.swift; sourceTree = "<group>"; };
		A2EFAF97216C874000CC65DD /* CenterViewController.swift */ = {isa = PBXFileReference; lastKnownFileType = sourcecode.swift; path = CenterViewController.swift; sourceTree = "<group>"; };
		A2EFAF9A216C874000CC65DD /* Base */ = {isa = PBXFileReference; lastKnownFileType = file.storyboard; name = Base; path = Base.lproj/Main.storyboard; sourceTree = "<group>"; };
		A2EFAF9C216C874600CC65DD /* Assets.xcassets */ = {isa = PBXFileReference; lastKnownFileType = folder.assetcatalog; path = Assets.xcassets; sourceTree = "<group>"; };
		A2EFAF9F216C874600CC65DD /* Base */ = {isa = PBXFileReference; lastKnownFileType = file.storyboard; name = Base; path = Base.lproj/LaunchScreen.storyboard; sourceTree = "<group>"; };
		A2EFAFA1216C874600CC65DD /* Info.plist */ = {isa = PBXFileReference; lastKnownFileType = text.plist.xml; path = Info.plist; sourceTree = "<group>"; };
		A2EFAFAC216C8A1700CC65DD /* MenuIButton.swift */ = {isa = PBXFileReference; lastKnownFileType = sourcecode.swift; path = MenuIButton.swift; sourceTree = "<group>"; };
		A2EFAFAF216C8A5700CC65DD /* MenuItem.swift */ = {isa = PBXFileReference; lastKnownFileType = sourcecode.swift; path = MenuItem.swift; sourceTree = "<group>"; };
		A2EFAFB1216C8C9D00CC65DD /* SideMenuTableViewController.swift */ = {isa = PBXFileReference; lastKnownFileType = sourcecode.swift; path = SideMenuTableViewController.swift; sourceTree = "<group>"; };
		A2EFAFB3216C8E9200CC65DD /* ContainerViewController.swift */ = {isa = PBXFileReference; lastKnownFileType = sourcecode.swift; path = ContainerViewController.swift; sourceTree = "<group>"; };
/* End PBXFileReference section */

/* Begin PBXFrameworksBuildPhase section */
		A2EFAF8F216C874000CC65DD /* Frameworks */ = {
			isa = PBXFrameworksBuildPhase;
			buildActionMask = 2147483647;
			files = (
			);
			runOnlyForDeploymentPostprocessing = 0;
		};
/* End PBXFrameworksBuildPhase section */

/* Begin PBXGroup section */
		A2EFAF89216C874000CC65DD = {
			isa = PBXGroup;
			children = (
				A2EFAF94216C874000CC65DD /* PhoneBookAnimations */,
				A2EFAF93216C874000CC65DD /* Products */,
			);
			sourceTree = "<group>";
		};
		A2EFAF93216C874000CC65DD /* Products */ = {
			isa = PBXGroup;
			children = (
				A2EFAF92216C874000CC65DD /* PhoneBookAnimations.app */,
			);
			name = Products;
			sourceTree = "<group>";
		};
		A2EFAF94216C874000CC65DD /* PhoneBookAnimations */ = {
			isa = PBXGroup;
			children = (
				A2EFAFA7216C87E200CC65DD /* Controllers */,
				A2EFAFA8216C87F000CC65DD /* Storyboards */,
				A2EFAFAA216C881100CC65DD /* Supporting Files */,
				A2EFAFA9216C87F900CC65DD /* Resources */,
			);
			path = PhoneBookAnimations;
			sourceTree = "<group>";
		};
		A2EFAFA7216C87E200CC65DD /* Controllers */ = {
			isa = PBXGroup;
			children = (
				A2EFAFAB216C892E00CC65DD /* CenterViewController */,
				A2EFAFAE216C8A4600CC65DD /* Side Menu */,
				A2EFAFB3216C8E9200CC65DD /* ContainerViewController.swift */,
			);
			path = Controllers;
			sourceTree = "<group>";
		};
		A2EFAFA8216C87F000CC65DD /* Storyboards */ = {
			isa = PBXGroup;
			children = (
				A2EFAF99216C874000CC65DD /* Main.storyboard */,
				A2EFAF9E216C874600CC65DD /* LaunchScreen.storyboard */,
			);
			path = Storyboards;
			sourceTree = "<group>";
		};
		A2EFAFA9216C87F900CC65DD /* Resources */ = {
			isa = PBXGroup;
			children = (
				A2EFAF9C216C874600CC65DD /* Assets.xcassets */,
			);
			path = Resources;
			sourceTree = "<group>";
		};
		A2EFAFAA216C881100CC65DD /* Supporting Files */ = {
			isa = PBXGroup;
			children = (
				A2EFAFA1216C874600CC65DD /* Info.plist */,
				A2EFAF95216C874000CC65DD /* AppDelegate.swift */,
			);
			path = "Supporting Files";
			sourceTree = "<group>";
		};
		A2EFAFAB216C892E00CC65DD /* CenterViewController */ = {
			isa = PBXGroup;
			children = (
				A2EFAF97216C874000CC65DD /* CenterViewController.swift */,
				A2EFAFAC216C8A1700CC65DD /* MenuIButton.swift */,
			);
			path = CenterViewController;
			sourceTree = "<group>";
		};
		A2EFAFAE216C8A4600CC65DD /* Side Menu */ = {
			isa = PBXGroup;
			children = (
				A2EFAFAF216C8A5700CC65DD /* MenuItem.swift */,
				A2EFAFB1216C8C9D00CC65DD /* SideMenuTableViewController.swift */,
			);
			path = "Side Menu";
			sourceTree = "<group>";
		};
/* End PBXGroup section */

/* Begin PBXNativeTarget section */
		A2EFAF91216C874000CC65DD /* PhoneBookAnimations */ = {
			isa = PBXNativeTarget;
			buildConfigurationList = A2EFAFA4216C874600CC65DD /* Build configuration list for PBXNativeTarget "PhoneBookAnimations" */;
			buildPhases = (
				A2EFAF8E216C874000CC65DD /* Sources */,
				A2EFAF8F216C874000CC65DD /* Frameworks */,
				A2EFAF90216C874000CC65DD /* Resources */,
			);
			buildRules = (
			);
			dependencies = (
			);
			name = PhoneBookAnimations;
			productName = PhoneBookAnimations;
			productReference = A2EFAF92216C874000CC65DD /* PhoneBookAnimations.app */;
			productType = "com.apple.product-type.application";
		};
/* End PBXNativeTarget section */

/* Begin PBXProject section */
		A2EFAF8A216C874000CC65DD /* Project object */ = {
			isa = PBXProject;
			attributes = {
				LastSwiftUpdateCheck = 1000;
				LastUpgradeCheck = 1000;
				ORGANIZATIONNAME = "Marian Stanciulica";
				TargetAttributes = {
					A2EFAF91216C874000CC65DD = {
						CreatedOnToolsVersion = 10.0;
					};
				};
			};
			buildConfigurationList = A2EFAF8D216C874000CC65DD /* Build configuration list for PBXProject "PhoneBookAnimations" */;
			compatibilityVersion = "Xcode 9.3";
			developmentRegion = en;
			hasScannedForEncodings = 0;
			knownRegions = (
				en,
				Base,
			);
			mainGroup = A2EFAF89216C874000CC65DD;
			productRefGroup = A2EFAF93216C874000CC65DD /* Products */;
			projectDirPath = "";
			projectRoot = "";
			targets = (
				A2EFAF91216C874000CC65DD /* PhoneBookAnimations */,
			);
		};
/* End PBXProject section */

/* Begin PBXResourcesBuildPhase section */
		A2EFAF90216C874000CC65DD /* Resources */ = {
			isa = PBXResourcesBuildPhase;
			buildActionMask = 2147483647;
			files = (
				A2EFAFA0216C874600CC65DD /* LaunchScreen.storyboard in Resources */,
				A2EFAF9D216C874600CC65DD /* Assets.xcassets in Resources */,
				A2EFAF9B216C874000CC65DD /* Main.storyboard in Resources */,
			);
			runOnlyForDeploymentPostprocessing = 0;
		};
/* End PBXResourcesBuildPhase section */

/* Begin PBXSourcesBuildPhase section */
		A2EFAF8E216C874000CC65DD /* Sources */ = {
			isa = PBXSourcesBuildPhase;
			buildActionMask = 2147483647;
			files = (
				A2EFAFAD216C8A1700CC65DD /* MenuIButton.swift in Sources */,
				A2EFAFB0216C8A5700CC65DD /* MenuItem.swift in Sources */,
				A2EFAF98216C874000CC65DD /* CenterViewController.swift in Sources */,
				A2EFAF96216C874000CC65DD /* AppDelegate.swift in Sources */,
				A2EFAFB4216C8E9200CC65DD /* ContainerViewController.swift in Sources */,
				A2EFAFB2216C8C9D00CC65DD /* SideMenuTableViewController.swift in Sources */,
			);
			runOnlyForDeploymentPostprocessing = 0;
		};
/* End PBXSourcesBuildPhase section */

/* Begin PBXVariantGroup section */
		A2EFAF99216C874000CC65DD /* Main.storyboard */ = {
			isa = PBXVariantGroup;
			children = (
				A2EFAF9A216C874000CC65DD /* Base */,
			);
			name = Main.storyboard;
			sourceTree = "<group>";
		};
		A2EFAF9E216C874600CC65DD /* LaunchScreen.storyboard */ = {
			isa = PBXVariantGroup;
			children = (
				A2EFAF9F216C874600CC65DD /* Base */,
			);
			name = LaunchScreen.storyboard;
			sourceTree = "<group>";
		};
/* End PBXVariantGroup section */

/* Begin XCBuildConfiguration section */
		A2EFAFA2216C874600CC65DD /* Debug */ = {
			isa = XCBuildConfiguration;
			buildSettings = {
				ALWAYS_SEARCH_USER_PATHS = NO;
				CLANG_ANALYZER_NONNULL = YES;
				CLANG_ANALYZER_NUMBER_OBJECT_CONVERSION = YES_AGGRESSIVE;
				CLANG_CXX_LANGUAGE_STANDARD = "gnu++14";
				CLANG_CXX_LIBRARY = "libc++";
				CLANG_ENABLE_MODULES = YES;
				CLANG_ENABLE_OBJC_ARC = YES;
				CLANG_ENABLE_OBJC_WEAK = YES;
				CLANG_WARN_BLOCK_CAPTURE_AUTORELEASING = YES;
				CLANG_WARN_BOOL_CONVERSION = YES;
				CLANG_WARN_COMMA = YES;
				CLANG_WARN_CONSTANT_CONVERSION = YES;
				CLANG_WARN_DEPRECATED_OBJC_IMPLEMENTATIONS = YES;
				CLANG_WARN_DIRECT_OBJC_ISA_USAGE = YES_ERROR;
				CLANG_WARN_DOCUMENTATION_COMMENTS = YES;
				CLANG_WARN_EMPTY_BODY = YES;
				CLANG_WARN_ENUM_CONVERSION = YES;
				CLANG_WARN_INFINITE_RECURSION = YES;
				CLANG_WARN_INT_CONVERSION = YES;
				CLANG_WARN_NON_LITERAL_NULL_CONVERSION = YES;
				CLANG_WARN_OBJC_IMPLICIT_RETAIN_SELF = YES;
				CLANG_WARN_OBJC_LITERAL_CONVERSION = YES;
				CLANG_WARN_OBJC_ROOT_CLASS = YES_ERROR;
				CLANG_WARN_RANGE_LOOP_ANALYSIS = YES;
				CLANG_WARN_STRICT_PROTOTYPES = YES;
				CLANG_WARN_SUSPICIOUS_MOVE = YES;
				CLANG_WARN_UNGUARDED_AVAILABILITY = YES_AGGRESSIVE;
				CLANG_WARN_UNREACHABLE_CODE = YES;
				CLANG_WARN__DUPLICATE_METHOD_MATCH = YES;
				CODE_SIGN_IDENTITY = "iPhone Developer";
				COPY_PHASE_STRIP = NO;
				DEBUG_INFORMATION_FORMAT = dwarf;
				ENABLE_STRICT_OBJC_MSGSEND = YES;
				ENABLE_TESTABILITY = YES;
				GCC_C_LANGUAGE_STANDARD = gnu11;
				GCC_DYNAMIC_NO_PIC = NO;
				GCC_NO_COMMON_BLOCKS = YES;
				GCC_OPTIMIZATION_LEVEL = 0;
				GCC_PREPROCESSOR_DEFINITIONS = (
					"DEBUG=1",
					"$(inherited)",
				);
				GCC_WARN_64_TO_32_BIT_CONVERSION = YES;
				GCC_WARN_ABOUT_RETURN_TYPE = YES_ERROR;
				GCC_WARN_UNDECLARED_SELECTOR = YES;
				GCC_WARN_UNINITIALIZED_AUTOS = YES_AGGRESSIVE;
				GCC_WARN_UNUSED_FUNCTION = YES;
				GCC_WARN_UNUSED_VARIABLE = YES;
				IPHONEOS_DEPLOYMENT_TARGET = 12.0;
				MTL_ENABLE_DEBUG_INFO = INCLUDE_SOURCE;
				MTL_FAST_MATH = YES;
				ONLY_ACTIVE_ARCH = YES;
				SDKROOT = iphoneos;
				SWIFT_ACTIVE_COMPILATION_CONDITIONS = DEBUG;
				SWIFT_OPTIMIZATION_LEVEL = "-Onone";
			};
			name = Debug;
		};
		A2EFAFA3216C874600CC65DD /* Release */ = {
			isa = XCBuildConfiguration;
			buildSettings = {
				ALWAYS_SEARCH_USER_PATHS = NO;
				CLANG_ANALYZER_NONNULL = YES;
				CLANG_ANALYZER_NUMBER_OBJECT_CONVERSION = YES_AGGRESSIVE;
				CLANG_CXX_LANGUAGE_STANDARD = "gnu++14";
				CLANG_CXX_LIBRARY = "libc++";
				CLANG_ENABLE_MODULES = YES;
				CLANG_ENABLE_OBJC_ARC = YES;
				CLANG_ENABLE_OBJC_WEAK = YES;
				CLANG_WARN_BLOCK_CAPTURE_AUTORELEASING = YES;
				CLANG_WARN_BOOL_CONVERSION = YES;
				CLANG_WARN_COMMA = YES;
				CLANG_WARN_CONSTANT_CONVERSION = YES;
				CLANG_WARN_DEPRECATED_OBJC_IMPLEMENTATIONS = YES;
				CLANG_WARN_DIRECT_OBJC_ISA_USAGE = YES_ERROR;
				CLANG_WARN_DOCUMENTATION_COMMENTS = YES;
				CLANG_WARN_EMPTY_BODY = YES;
				CLANG_WARN_ENUM_CONVERSION = YES;
				CLANG_WARN_INFINITE_RECURSION = YES;
				CLANG_WARN_INT_CONVERSION = YES;
				CLANG_WARN_NON_LITERAL_NULL_CONVERSION = YES;
				CLANG_WARN_OBJC_IMPLICIT_RETAIN_SELF = YES;
				CLANG_WARN_OBJC_LITERAL_CONVERSION = YES;
				CLANG_WARN_OBJC_ROOT_CLASS = YES_ERROR;
				CLANG_WARN_RANGE_LOOP_ANALYSIS = YES;
				CLANG_WARN_STRICT_PROTOTYPES = YES;
				CLANG_WARN_SUSPICIOUS_MOVE = YES;
				CLANG_WARN_UNGUARDED_AVAILABILITY = YES_AGGRESSIVE;
				CLANG_WARN_UNREACHABLE_CODE = YES;
				CLANG_WARN__DUPLICATE_METHOD_MATCH = YES;
				CODE_SIGN_IDENTITY = "iPhone Developer";
				COPY_PHASE_STRIP = NO;
				DEBUG_INFORMATION_FORMAT = "dwarf-with-dsym";
				ENABLE_NS_ASSERTIONS = NO;
				ENABLE_STRICT_OBJC_MSGSEND = YES;
				GCC_C_LANGUAGE_STANDARD = gnu11;
				GCC_NO_COMMON_BLOCKS = YES;
				GCC_WARN_64_TO_32_BIT_CONVERSION = YES;
				GCC_WARN_ABOUT_RETURN_TYPE = YES_ERROR;
				GCC_WARN_UNDECLARED_SELECTOR = YES;
				GCC_WARN_UNINITIALIZED_AUTOS = YES_AGGRESSIVE;
				GCC_WARN_UNUSED_FUNCTION = YES;
				GCC_WARN_UNUSED_VARIABLE = YES;
				IPHONEOS_DEPLOYMENT_TARGET = 12.0;
				MTL_ENABLE_DEBUG_INFO = NO;
				MTL_FAST_MATH = YES;
				SDKROOT = iphoneos;
				SWIFT_COMPILATION_MODE = wholemodule;
				SWIFT_OPTIMIZATION_LEVEL = "-O";
				VALIDATE_PRODUCT = YES;
			};
			name = Release;
		};
		A2EFAFA5216C874600CC65DD /* Debug */ = {
			isa = XCBuildConfiguration;
			buildSettings = {
				ASSETCATALOG_COMPILER_APPICON_NAME = AppIcon;
				CODE_SIGN_STYLE = Automatic;
				DEVELOPMENT_TEAM = ULSKSPKFH7;
				INFOPLIST_FILE = "$(SRCROOT)/PhoneBookAnimations/Supporting Files/Info.plist";
				LD_RUNPATH_SEARCH_PATHS = (
					"$(inherited)",
					"@executable_path/Frameworks",
				);
				PRODUCT_BUNDLE_IDENTIFIER = com.marian.PhoneBookAnimations;
				PRODUCT_NAME = "$(TARGET_NAME)";
				SWIFT_VERSION = 4.2;
				TARGETED_DEVICE_FAMILY = "1,2";
			};
			name = Debug;
		};
		A2EFAFA6216C874600CC65DD /* Release */ = {
			isa = XCBuildConfiguration;
			buildSettings = {
				ASSETCATALOG_COMPILER_APPICON_NAME = AppIcon;
				CODE_SIGN_STYLE = Automatic;
				DEVELOPMENT_TEAM = ULSKSPKFH7;
				INFOPLIST_FILE = "$(SRCROOT)/PhoneBookAnimations/Supporting Files/Info.plist";
				LD_RUNPATH_SEARCH_PATHS = (
					"$(inherited)",
					"@executable_path/Frameworks",
				);
				PRODUCT_BUNDLE_IDENTIFIER = com.marian.PhoneBookAnimations;
				PRODUCT_NAME = "$(TARGET_NAME)";
				SWIFT_VERSION = 4.2;
				TARGETED_DEVICE_FAMILY = "1,2";
			};
			name = Release;
		};
/* End XCBuildConfiguration section */

/* Begin XCConfigurationList section */
		A2EFAF8D216C874000CC65DD /* Build configuration list for PBXProject "PhoneBookAnimations" */ = {
			isa = XCConfigurationList;
			buildConfigurations = (
				A2EFAFA2216C874600CC65DD /* Debug */,
				A2EFAFA3216C874600CC65DD /* Release */,
			);
			defaultConfigurationIsVisible = 0;
			defaultConfigurationName = Release;
		};
		A2EFAFA4216C874600CC65DD /* Build configuration list for PBXNativeTarget "PhoneBookAnimations" */ = {
			isa = XCConfigurationList;
			buildConfigurations = (
				A2EFAFA5216C874600CC65DD /* Debug */,
				A2EFAFA6216C874600CC65DD /* Release */,
			);
			defaultConfigurationIsVisible = 0;
			defaultConfigurationName = Release;
		};
/* End XCConfigurationList section */
	};
	rootObject = A2EFAF8A216C874000CC65DD /* Project object */;
}
