// !$*UTF8*$!
{
	archiveVersion = 1;
	classes = {
	};
	objectVersion = 50;
	objects = {

/* Begin PBXBuildFile section */
		A2C1689E2153AE3D00207FD5 /* AppDelegate.swift in Sources */ = {isa = PBXBuildFile; fileRef = A2C1689D2153AE3D00207FD5 /* AppDelegate.swift */; };
		A2C168A02153AE3D00207FD5 /* LoginViewController.swift in Sources */ = {isa = PBXBuildFile; fileRef = A2C1689F2153AE3D00207FD5 /* LoginViewController.swift */; };
		A2C168A32153AE3D00207FD5 /* Main.storyboard in Resources */ = {isa = PBXBuildFile; fileRef = A2C168A12153AE3D00207FD5 /* Main.storyboard */; };
		A2C168A52153AE4000207FD5 /* Assets.xcassets in Resources */ = {isa = PBXBuildFile; fileRef = A2C168A42153AE4000207FD5 /* Assets.xcassets */; };
		A2C168A82153AE4000207FD5 /* LaunchScreen.storyboard in Resources */ = {isa = PBXBuildFile; fileRef = A2C168A62153AE4000207FD5 /* LaunchScreen.storyboard */; };
/* End PBXBuildFile section */

/* Begin PBXFileReference section */
		A2C1689A2153AE3D00207FD5 /* LoginAnimations.app */ = {isa = PBXFileReference; explicitFileType = wrapper.application; includeInIndex = 0; path = LoginAnimations.app; sourceTree = BUILT_PRODUCTS_DIR; };
		A2C1689D2153AE3D00207FD5 /* AppDelegate.swift */ = {isa = PBXFileReference; lastKnownFileType = sourcecode.swift; path = AppDelegate.swift; sourceTree = "<group>"; };
		A2C1689F2153AE3D00207FD5 /* LoginViewController.swift */ = {isa = PBXFileReference; lastKnownFileType = sourcecode.swift; path = LoginViewController.swift; sourceTree = "<group>"; };
		A2C168A22153AE3D00207FD5 /* Base */ = {isa = PBXFileReference; lastKnownFileType = file.storyboard; name = Base; path = Base.lproj/Main.storyboard; sourceTree = "<group>"; };
		A2C168A42153AE4000207FD5 /* Assets.xcassets */ = {isa = PBXFileReference; lastKnownFileType = folder.assetcatalog; path = Assets.xcassets; sourceTree = "<group>"; };
		A2C168A72153AE4000207FD5 /* Base */ = {isa = PBXFileReference; lastKnownFileType = file.storyboard; name = Base; path = Base.lproj/LaunchScreen.storyboard; sourceTree = "<group>"; };
		A2C168A92153AE4000207FD5 /* Info.plist */ = {isa = PBXFileReference; lastKnownFileType = text.plist.xml; path = Info.plist; sourceTree = "<group>"; };
/* End PBXFileReference section */

/* Begin PBXFrameworksBuildPhase section */
		A2C168972153AE3D00207FD5 /* Frameworks */ = {
			isa = PBXFrameworksBuildPhase;
			buildActionMask = 2147483647;
			files = (
			);
			runOnlyForDeploymentPostprocessing = 0;
		};
/* End PBXFrameworksBuildPhase section */

/* Begin PBXGroup section */
		A2C168912153AE3D00207FD5 = {
			isa = PBXGroup;
			children = (
				A2C1689C2153AE3D00207FD5 /* LoginAnimations */,
				A2C1689B2153AE3D00207FD5 /* Products */,
			);
			sourceTree = "<group>";
		};
		A2C1689B2153AE3D00207FD5 /* Products */ = {
			isa = PBXGroup;
			children = (
				A2C1689A2153AE3D00207FD5 /* LoginAnimations.app */,
			);
			name = Products;
			sourceTree = "<group>";
		};
		A2C1689C2153AE3D00207FD5 /* LoginAnimations */ = {
			isa = PBXGroup;
			children = (
				A2C168B22153B24100207FD5 /* Storyboards */,
				A2C168B12153B23500207FD5 /* Controllers */,
				A2C168B02153B22100207FD5 /* Resources */,
				A2C168AF2153B20800207FD5 /* Supporting Files */,
			);
			path = LoginAnimations;
			sourceTree = "<group>";
		};
		A2C168AF2153B20800207FD5 /* Supporting Files */ = {
			isa = PBXGroup;
			children = (
				A2C1689D2153AE3D00207FD5 /* AppDelegate.swift */,
				A2C168A92153AE4000207FD5 /* Info.plist */,
			);
			path = "Supporting Files";
			sourceTree = "<group>";
		};
		A2C168B02153B22100207FD5 /* Resources */ = {
			isa = PBXGroup;
			children = (
				A2C168A42153AE4000207FD5 /* Assets.xcassets */,
			);
			path = Resources;
			sourceTree = "<group>";
		};
		A2C168B12153B23500207FD5 /* Controllers */ = {
			isa = PBXGroup;
			children = (
				A2C1689F2153AE3D00207FD5 /* LoginViewController.swift */,
			);
			path = Controllers;
			sourceTree = "<group>";
		};
		A2C168B22153B24100207FD5 /* Storyboards */ = {
			isa = PBXGroup;
			children = (
				A2C168A12153AE3D00207FD5 /* Main.storyboard */,
				A2C168A62153AE4000207FD5 /* LaunchScreen.storyboard */,
			);
			path = Storyboards;
			sourceTree = "<group>";
		};
/* End PBXGroup section */

/* Begin PBXNativeTarget section */
		A2C168992153AE3D00207FD5 /* LoginAnimations */ = {
			isa = PBXNativeTarget;
			buildConfigurationList = A2C168AC2153AE4000207FD5 /* Build configuration list for PBXNativeTarget "LoginAnimations" */;
			buildPhases = (
				A2C168962153AE3D00207FD5 /* Sources */,
				A2C168972153AE3D00207FD5 /* Frameworks */,
				A2C168982153AE3D00207FD5 /* Resources */,
			);
			buildRules = (
			);
			dependencies = (
			);
			name = LoginAnimations;
			productName = LoginAnimations;
			productReference = A2C1689A2153AE3D00207FD5 /* LoginAnimations.app */;
			productType = "com.apple.product-type.application";
		};
/* End PBXNativeTarget section */

/* Begin PBXProject section */
		A2C168922153AE3D00207FD5 /* Project object */ = {
			isa = PBXProject;
			attributes = {
				LastSwiftUpdateCheck = 0940;
				LastUpgradeCheck = 0940;
				ORGANIZATIONNAME = "Marian Stanciulica";
				TargetAttributes = {
					A2C168992153AE3D00207FD5 = {
						CreatedOnToolsVersion = 9.4;
						LastSwiftMigration = 1000;
					};
				};
			};
			buildConfigurationList = A2C168952153AE3D00207FD5 /* Build configuration list for PBXProject "LoginAnimations" */;
			compatibilityVersion = "Xcode 9.3";
			developmentRegion = en;
			hasScannedForEncodings = 0;
			knownRegions = (
				en,
				Base,
			);
			mainGroup = A2C168912153AE3D00207FD5;
			productRefGroup = A2C1689B2153AE3D00207FD5 /* Products */;
			projectDirPath = "";
			projectRoot = "";
			targets = (
				A2C168992153AE3D00207FD5 /* LoginAnimations */,
			);
		};
/* End PBXProject section */

/* Begin PBXResourcesBuildPhase section */
		A2C168982153AE3D00207FD5 /* Resources */ = {
			isa = PBXResourcesBuildPhase;
			buildActionMask = 2147483647;
			files = (
				A2C168A82153AE4000207FD5 /* LaunchScreen.storyboard in Resources */,
				A2C168A52153AE4000207FD5 /* Assets.xcassets in Resources */,
				A2C168A32153AE3D00207FD5 /* Main.storyboard in Resources */,
			);
			runOnlyForDeploymentPostprocessing = 0;
		};
/* End PBXResourcesBuildPhase section */

/* Begin PBXSourcesBuildPhase section */
		A2C168962153AE3D00207FD5 /* Sources */ = {
			isa = PBXSourcesBuildPhase;
			buildActionMask = 2147483647;
			files = (
				A2C168A02153AE3D00207FD5 /* LoginViewController.swift in Sources */,
				A2C1689E2153AE3D00207FD5 /* AppDelegate.swift in Sources */,
			);
			runOnlyForDeploymentPostprocessing = 0;
		};
/* End PBXSourcesBuildPhase section */

/* Begin PBXVariantGroup section */
		A2C168A12153AE3D00207FD5 /* Main.storyboard */ = {
			isa = PBXVariantGroup;
			children = (
				A2C168A22153AE3D00207FD5 /* Base */,
			);
			name = Main.storyboard;
			sourceTree = "<group>";
		};
		A2C168A62153AE4000207FD5 /* LaunchScreen.storyboard */ = {
			isa = PBXVariantGroup;
			children = (
				A2C168A72153AE4000207FD5 /* Base */,
			);
			name = LaunchScreen.storyboard;
			sourceTree = "<group>";
		};
/* End PBXVariantGroup section */

/* Begin XCBuildConfiguration section */
		A2C168AA2153AE4000207FD5 /* Debug */ = {
			isa = XCBuildConfiguration;
			buildSettings = {
				ALWAYS_SEARCH_USER_PATHS = NO;
				CLANG_ANALYZER_NONNULL = YES;
				CLANG_ANALYZER_NUMBER_OBJECT_CONVERSION = YES_AGGRESSIVE;
				CLANG_CXX_LANGUAGE_STANDARD = "gnu++14";
				CLANG_CXX_LIBRARY = "libc++";
				CLANG_ENABLE_MODULES = YES;
				CLANG_ENABLE_OBJC_ARC = YES;
				CLANG_ENABLE_OBJC_WEAK = YES;
				CLANG_WARN_BLOCK_CAPTURE_AUTORELEASING = YES;
				CLANG_WARN_BOOL_CONVERSION = YES;
				CLANG_WARN_COMMA = YES;
				CLANG_WARN_CONSTANT_CONVERSION = YES;
				CLANG_WARN_DEPRECATED_OBJC_IMPLEMENTATIONS = YES;
				CLANG_WARN_DIRECT_OBJC_ISA_USAGE = YES_ERROR;
				CLANG_WARN_DOCUMENTATION_COMMENTS = YES;
				CLANG_WARN_EMPTY_BODY = YES;
				CLANG_WARN_ENUM_CONVERSION = YES;
				CLANG_WARN_INFINITE_RECURSION = YES;
				CLANG_WARN_INT_CONVERSION = YES;
				CLANG_WARN_NON_LITERAL_NULL_CONVERSION = YES;
				CLANG_WARN_OBJC_IMPLICIT_RETAIN_SELF = YES;
				CLANG_WARN_OBJC_LITERAL_CONVERSION = YES;
				CLANG_WARN_OBJC_ROOT_CLASS = YES_ERROR;
				CLANG_WARN_RANGE_LOOP_ANALYSIS = YES;
				CLANG_WARN_STRICT_PROTOTYPES = YES;
				CLANG_WARN_SUSPICIOUS_MOVE = YES;
				CLANG_WARN_UNGUARDED_AVAILABILITY = YES_AGGRESSIVE;
				CLANG_WARN_UNREACHABLE_CODE = YES;
				CLANG_WARN__DUPLICATE_METHOD_MATCH = YES;
				CODE_SIGN_IDENTITY = "iPhone Developer";
				COPY_PHASE_STRIP = NO;
				DEBUG_INFORMATION_FORMAT = dwarf;
				ENABLE_STRICT_OBJC_MSGSEND = YES;
				ENABLE_TESTABILITY = YES;
				GCC_C_LANGUAGE_STANDARD = gnu11;
				GCC_DYNAMIC_NO_PIC = NO;
				GCC_NO_COMMON_BLOCKS = YES;
				GCC_OPTIMIZATION_LEVEL = 0;
				GCC_PREPROCESSOR_DEFINITIONS = (
					"DEBUG=1",
					"$(inherited)",
				);
				GCC_WARN_64_TO_32_BIT_CONVERSION = YES;
				GCC_WARN_ABOUT_RETURN_TYPE = YES_ERROR;
				GCC_WARN_UNDECLARED_SELECTOR = YES;
				GCC_WARN_UNINITIALIZED_AUTOS = YES_AGGRESSIVE;
				GCC_WARN_UNUSED_FUNCTION = YES;
				GCC_WARN_UNUSED_VARIABLE = YES;
				IPHONEOS_DEPLOYMENT_TARGET = 11.4;
				MTL_ENABLE_DEBUG_INFO = YES;
				ONLY_ACTIVE_ARCH = YES;
				SDKROOT = iphoneos;
				SWIFT_ACTIVE_COMPILATION_CONDITIONS = DEBUG;
				SWIFT_OPTIMIZATION_LEVEL = "-Onone";
			};
			name = Debug;
		};
		A2C168AB2153AE4000207FD5 /* Release */ = {
			isa = XCBuildConfiguration;
			buildSettings = {
				ALWAYS_SEARCH_USER_PATHS = NO;
				CLANG_ANALYZER_NONNULL = YES;
				CLANG_ANALYZER_NUMBER_OBJECT_CONVERSION = YES_AGGRESSIVE;
				CLANG_CXX_LANGUAGE_STANDARD = "gnu++14";
				CLANG_CXX_LIBRARY = "libc++";
				CLANG_ENABLE_MODULES = YES;
				CLANG_ENABLE_OBJC_ARC = YES;
				CLANG_ENABLE_OBJC_WEAK = YES;
				CLANG_WARN_BLOCK_CAPTURE_AUTORELEASING = YES;
				CLANG_WARN_BOOL_CONVERSION = YES;
				CLANG_WARN_COMMA = YES;
				CLANG_WARN_CONSTANT_CONVERSION = YES;
				CLANG_WARN_DEPRECATED_OBJC_IMPLEMENTATIONS = YES;
				CLANG_WARN_DIRECT_OBJC_ISA_USAGE = YES_ERROR;
				CLANG_WARN_DOCUMENTATION_COMMENTS = YES;
				CLANG_WARN_EMPTY_BODY = YES;
				CLANG_WARN_ENUM_CONVERSION = YES;
				CLANG_WARN_INFINITE_RECURSION = YES;
				CLANG_WARN_INT_CONVERSION = YES;
				CLANG_WARN_NON_LITERAL_NULL_CONVERSION = YES;
				CLANG_WARN_OBJC_IMPLICIT_RETAIN_SELF = YES;
				CLANG_WARN_OBJC_LITERAL_CONVERSION = YES;
				CLANG_WARN_OBJC_ROOT_CLASS = YES_ERROR;
				CLANG_WARN_RANGE_LOOP_ANALYSIS = YES;
				CLANG_WARN_STRICT_PROTOTYPES = YES;
				CLANG_WARN_SUSPICIOUS_MOVE = YES;
				CLANG_WARN_UNGUARDED_AVAILABILITY = YES_AGGRESSIVE;
				CLANG_WARN_UNREACHABLE_CODE = YES;
				CLANG_WARN__DUPLICATE_METHOD_MATCH = YES;
				CODE_SIGN_IDENTITY = "iPhone Developer";
				COPY_PHASE_STRIP = NO;
				DEBUG_INFORMATION_FORMAT = "dwarf-with-dsym";
				ENABLE_NS_ASSERTIONS = NO;
				ENABLE_STRICT_OBJC_MSGSEND = YES;
				GCC_C_LANGUAGE_STANDARD = gnu11;
				GCC_NO_COMMON_BLOCKS = YES;
				GCC_WARN_64_TO_32_BIT_CONVERSION = YES;
				GCC_WARN_ABOUT_RETURN_TYPE = YES_ERROR;
				GCC_WARN_UNDECLARED_SELECTOR = YES;
				GCC_WARN_UNINITIALIZED_AUTOS = YES_AGGRESSIVE;
				GCC_WARN_UNUSED_FUNCTION = YES;
				GCC_WARN_UNUSED_VARIABLE = YES;
				IPHONEOS_DEPLOYMENT_TARGET = 11.4;
				MTL_ENABLE_DEBUG_INFO = NO;
				SDKROOT = iphoneos;
				SWIFT_COMPILATION_MODE = wholemodule;
				SWIFT_OPTIMIZATION_LEVEL = "-O";
				VALIDATE_PRODUCT = YES;
			};
			name = Release;
		};
		A2C168AD2153AE4000207FD5 /* Debug */ = {
			isa = XCBuildConfiguration;
			buildSettings = {
				ASSETCATALOG_COMPILER_APPICON_NAME = AppIcon;
				CODE_SIGN_STYLE = Automatic;
				DEVELOPMENT_TEAM = ULSKSPKFH7;
				INFOPLIST_FILE = "$(SRCROOT)/LoginAnimations/Supporting Files/Info.plist";
				LD_RUNPATH_SEARCH_PATHS = (
					"$(inherited)",
					"@executable_path/Frameworks",
				);
				PRODUCT_BUNDLE_IDENTIFIER = com.marian.LoginAnimations;
				PRODUCT_NAME = "$(TARGET_NAME)";
				SWIFT_VERSION = 4.2;
				TARGETED_DEVICE_FAMILY = "1,2";
			};
			name = Debug;
		};
		A2C168AE2153AE4000207FD5 /* Release */ = {
			isa = XCBuildConfiguration;
			buildSettings = {
				ASSETCATALOG_COMPILER_APPICON_NAME = AppIcon;
				CODE_SIGN_STYLE = Automatic;
				DEVELOPMENT_TEAM = ULSKSPKFH7;
				INFOPLIST_FILE = "$(SRCROOT)/LoginAnimations/Supporting Files/Info.plist";
				LD_RUNPATH_SEARCH_PATHS = (
					"$(inherited)",
					"@executable_path/Frameworks",
				);
				PRODUCT_BUNDLE_IDENTIFIER = com.marian.LoginAnimations;
				PRODUCT_NAME = "$(TARGET_NAME)";
				SWIFT_VERSION = 4.2;
				TARGETED_DEVICE_FAMILY = "1,2";
			};
			name = Release;
		};
/* End XCBuildConfiguration section */

/* Begin XCConfigurationList section */
		A2C168952153AE3D00207FD5 /* Build configuration list for PBXProject "LoginAnimations" */ = {
			isa = XCConfigurationList;
			buildConfigurations = (
				A2C168AA2153AE4000207FD5 /* Debug */,
				A2C168AB2153AE4000207FD5 /* Release */,
			);
			defaultConfigurationIsVisible = 0;
			defaultConfigurationName = Release;
		};
		A2C168AC2153AE4000207FD5 /* Build configuration list for PBXNativeTarget "LoginAnimations" */ = {
			isa = XCConfigurationList;
			buildConfigurations = (
				A2C168AD2153AE4000207FD5 /* Debug */,
				A2C168AE2153AE4000207FD5 /* Release */,
			);
			defaultConfigurationIsVisible = 0;
			defaultConfigurationName = Release;
		};
/* End XCConfigurationList section */
	};
	rootObject = A2C168922153AE3D00207FD5 /* Project object */;
}
