// !$*UTF8*$!
{
	archiveVersion = 1;
	classes = {
	};
	objectVersion = 50;
	objects = {

/* Begin PBXBuildFile section */
		A2EFB00A216CF2B600CC65DD /* AppDelegate.swift in Sources */ = {isa = PBXBuildFile; fileRef = A2EFB009216CF2B600CC65DD /* AppDelegate.swift */; };
		A2EFB00C216CF2B600CC65DD /* ViewController.swift in Sources */ = {isa = PBXBuildFile; fileRef = A2EFB00B216CF2B600CC65DD /* ViewController.swift */; };
		A2EFB00F216CF2B600CC65DD /* Main.storyboard in Resources */ = {isa = PBXBuildFile; fileRef = A2EFB00D216CF2B600CC65DD /* Main.storyboard */; };
		A2EFB011216CF2C500CC65DD /* Assets.xcassets in Resources */ = {isa = PBXBuildFile; fileRef = A2EFB010216CF2C500CC65DD /* Assets.xcassets */; };
		A2EFB014216CF2C500CC65DD /* LaunchScreen.storyboard in Resources */ = {isa = PBXBuildFile; fileRef = A2EFB012216CF2C500CC65DD /* LaunchScreen.storyboard */; };
/* End PBXBuildFile section */

/* Begin PBXFileReference section */
		A2EFB006216CF2B500CC65DD /* SouthPoleAnimations.app */ = {isa = PBXFileReference; explicitFileType = wrapper.application; includeInIndex = 0; path = SouthPoleAnimations.app; sourceTree = BUILT_PRODUCTS_DIR; };
		A2EFB009216CF2B600CC65DD /* AppDelegate.swift */ = {isa = PBXFileReference; lastKnownFileType = sourcecode.swift; path = AppDelegate.swift; sourceTree = "<group>"; };
		A2EFB00B216CF2B600CC65DD /* ViewController.swift */ = {isa = PBXFileReference; lastKnownFileType = sourcecode.swift; path = ViewController.swift; sourceTree = "<group>"; };
		A2EFB00E216CF2B600CC65DD /* Base */ = {isa = PBXFileReference; lastKnownFileType = file.storyboard; name = Base; path = Base.lproj/Main.storyboard; sourceTree = "<group>"; };
		A2EFB010216CF2C500CC65DD /* Assets.xcassets */ = {isa = PBXFileReference; lastKnownFileType = folder.assetcatalog; path = Assets.xcassets; sourceTree = "<group>"; };
		A2EFB013216CF2C500CC65DD /* Base */ = {isa = PBXFileReference; lastKnownFileType = file.storyboard; name = Base; path = Base.lproj/LaunchScreen.storyboard; sourceTree = "<group>"; };
		A2EFB015216CF2C500CC65DD /* Info.plist */ = {isa = PBXFileReference; lastKnownFileType = text.plist.xml; path = Info.plist; sourceTree = "<group>"; };
/* End PBXFileReference section */

/* Begin PBXFrameworksBuildPhase section */
		A2EFB003216CF2B500CC65DD /* Frameworks */ = {
			isa = PBXFrameworksBuildPhase;
			buildActionMask = 2147483647;
			files = (
			);
			runOnlyForDeploymentPostprocessing = 0;
		};
/* End PBXFrameworksBuildPhase section */

/* Begin PBXGroup section */
		A2EFAFFD216CF2B500CC65DD = {
			isa = PBXGroup;
			children = (
				A2EFB008216CF2B600CC65DD /* SouthPoleAnimations */,
				A2EFB007216CF2B500CC65DD /* Products */,
			);
			sourceTree = "<group>";
		};
		A2EFB007216CF2B500CC65DD /* Products */ = {
			isa = PBXGroup;
			children = (
				A2EFB006216CF2B500CC65DD /* SouthPoleAnimations.app */,
			);
			name = Products;
			sourceTree = "<group>";
		};
		A2EFB008216CF2B600CC65DD /* SouthPoleAnimations */ = {
			isa = PBXGroup;
			children = (
				A2EFB01B216CF2CF00CC65DD /* Controllers */,
				A2EFB01C216CF2D500CC65DD /* Storyboards */,
				A2EFB01E216CF2E100CC65DD /* Supporting Files */,
				A2EFB01D216CF2DB00CC65DD /* Resources */,
			);
			path = SouthPoleAnimations;
			sourceTree = "<group>";
		};
		A2EFB01B216CF2CF00CC65DD /* Controllers */ = {
			isa = PBXGroup;
			children = (
				A2EFB00B216CF2B600CC65DD /* ViewController.swift */,
			);
			path = Controllers;
			sourceTree = "<group>";
		};
		A2EFB01C216CF2D500CC65DD /* Storyboards */ = {
			isa = PBXGroup;
			children = (
				A2EFB00D216CF2B600CC65DD /* Main.storyboard */,
				A2EFB012216CF2C500CC65DD /* LaunchScreen.storyboard */,
			);
			path = Storyboards;
			sourceTree = "<group>";
		};
		A2EFB01D216CF2DB00CC65DD /* Resources */ = {
			isa = PBXGroup;
			children = (
				A2EFB010216CF2C500CC65DD /* Assets.xcassets */,
			);
			path = Resources;
			sourceTree = "<group>";
		};
		A2EFB01E216CF2E100CC65DD /* Supporting Files */ = {
			isa = PBXGroup;
			children = (
				A2EFB009216CF2B600CC65DD /* AppDelegate.swift */,
				A2EFB015216CF2C500CC65DD /* Info.plist */,
			);
			path = "Supporting Files";
			sourceTree = "<group>";
		};
/* End PBXGroup section */

/* Begin PBXNativeTarget section */
		A2EFB005216CF2B500CC65DD /* SouthPoleAnimations */ = {
			isa = PBXNativeTarget;
			buildConfigurationList = A2EFB018216CF2C500CC65DD /* Build configuration list for PBXNativeTarget "SouthPoleAnimations" */;
			buildPhases = (
				A2EFB002216CF2B500CC65DD /* Sources */,
				A2EFB003216CF2B500CC65DD /* Frameworks */,
				A2EFB004216CF2B500CC65DD /* Resources */,
			);
			buildRules = (
			);
			dependencies = (
			);
			name = SouthPoleAnimations;
			productName = SouthPoleAnimations;
			productReference = A2EFB006216CF2B500CC65DD /* SouthPoleAnimations.app */;
			productType = "com.apple.product-type.application";
		};
/* End PBXNativeTarget section */

/* Begin PBXProject section */
		A2EFAFFE216CF2B500CC65DD /* Project object */ = {
			isa = PBXProject;
			attributes = {
				LastSwiftUpdateCheck = 1000;
				LastUpgradeCheck = 1000;
				ORGANIZATIONNAME = "Marian Stanciulica";
				TargetAttributes = {
					A2EFB005216CF2B500CC65DD = {
						CreatedOnToolsVersion = 10.0;
					};
				};
			};
			buildConfigurationList = A2EFB001216CF2B500CC65DD /* Build configuration list for PBXProject "SouthPoleAnimations" */;
			compatibilityVersion = "Xcode 9.3";
			developmentRegion = en;
			hasScannedForEncodings = 0;
			knownRegions = (
				en,
				Base,
			);
			mainGroup = A2EFAFFD216CF2B500CC65DD;
			productRefGroup = A2EFB007216CF2B500CC65DD /* Products */;
			projectDirPath = "";
			projectRoot = "";
			targets = (
				A2EFB005216CF2B500CC65DD /* SouthPoleAnimations */,
			);
		};
/* End PBXProject section */

/* Begin PBXResourcesBuildPhase section */
		A2EFB004216CF2B500CC65DD /* Resources */ = {
			isa = PBXResourcesBuildPhase;
			buildActionMask = 2147483647;
			files = (
				A2EFB014216CF2C500CC65DD /* LaunchScreen.storyboard in Resources */,
				A2EFB011216CF2C500CC65DD /* Assets.xcassets in Resources */,
				A2EFB00F216CF2B600CC65DD /* Main.storyboard in Resources */,
			);
			runOnlyForDeploymentPostprocessing = 0;
		};
/* End PBXResourcesBuildPhase section */

/* Begin PBXSourcesBuildPhase section */
		A2EFB002216CF2B500CC65DD /* Sources */ = {
			isa = PBXSourcesBuildPhase;
			buildActionMask = 2147483647;
			files = (
				A2EFB00C216CF2B600CC65DD /* ViewController.swift in Sources */,
				A2EFB00A216CF2B600CC65DD /* AppDelegate.swift in Sources */,
			);
			runOnlyForDeploymentPostprocessing = 0;
		};
/* End PBXSourcesBuildPhase section */

/* Begin PBXVariantGroup section */
		A2EFB00D216CF2B600CC65DD /* Main.storyboard */ = {
			isa = PBXVariantGroup;
			children = (
				A2EFB00E216CF2B600CC65DD /* Base */,
			);
			name = Main.storyboard;
			sourceTree = "<group>";
		};
		A2EFB012216CF2C500CC65DD /* LaunchScreen.storyboard */ = {
			isa = PBXVariantGroup;
			children = (
				A2EFB013216CF2C500CC65DD /* Base */,
			);
			name = LaunchScreen.storyboard;
			sourceTree = "<group>";
		};
/* End PBXVariantGroup section */

/* Begin XCBuildConfiguration section */
		A2EFB016216CF2C500CC65DD /* Debug */ = {
			isa = XCBuildConfiguration;
			buildSettings = {
				ALWAYS_SEARCH_USER_PATHS = NO;
				CLANG_ANALYZER_NONNULL = YES;
				CLANG_ANALYZER_NUMBER_OBJECT_CONVERSION = YES_AGGRESSIVE;
				CLANG_CXX_LANGUAGE_STANDARD = "gnu++14";
				CLANG_CXX_LIBRARY = "libc++";
				CLANG_ENABLE_MODULES = YES;
				CLANG_ENABLE_OBJC_ARC = YES;
				CLANG_ENABLE_OBJC_WEAK = YES;
				CLANG_WARN_BLOCK_CAPTURE_AUTORELEASING = YES;
				CLANG_WARN_BOOL_CONVERSION = YES;
				CLANG_WARN_COMMA = YES;
				CLANG_WARN_CONSTANT_CONVERSION = YES;
				CLANG_WARN_DEPRECATED_OBJC_IMPLEMENTATIONS = YES;
				CLANG_WARN_DIRECT_OBJC_ISA_USAGE = YES_ERROR;
				CLANG_WARN_DOCUMENTATION_COMMENTS = YES;
				CLANG_WARN_EMPTY_BODY = YES;
				CLANG_WARN_ENUM_CONVERSION = YES;
				CLANG_WARN_INFINITE_RECURSION = YES;
				CLANG_WARN_INT_CONVERSION = YES;
				CLANG_WARN_NON_LITERAL_NULL_CONVERSION = YES;
				CLANG_WARN_OBJC_IMPLICIT_RETAIN_SELF = YES;
				CLANG_WARN_OBJC_LITERAL_CONVERSION = YES;
				CLANG_WARN_OBJC_ROOT_CLASS = YES_ERROR;
				CLANG_WARN_RANGE_LOOP_ANALYSIS = YES;
				CLANG_WARN_STRICT_PROTOTYPES = YES;
				CLANG_WARN_SUSPICIOUS_MOVE = YES;
				CLANG_WARN_UNGUARDED_AVAILABILITY = YES_AGGRESSIVE;
				CLANG_WARN_UNREACHABLE_CODE = YES;
				CLANG_WARN__DUPLICATE_METHOD_MATCH = YES;
				CODE_SIGN_IDENTITY = "iPhone Developer";
				COPY_PHASE_STRIP = NO;
				DEBUG_INFORMATION_FORMAT = dwarf;
				ENABLE_STRICT_OBJC_MSGSEND = YES;
				ENABLE_TESTABILITY = YES;
				GCC_C_LANGUAGE_STANDARD = gnu11;
				GCC_DYNAMIC_NO_PIC = NO;
				GCC_NO_COMMON_BLOCKS = YES;
				GCC_OPTIMIZATION_LEVEL = 0;
				GCC_PREPROCESSOR_DEFINITIONS = (
					"DEBUG=1",
					"$(inherited)",
				);
				GCC_WARN_64_TO_32_BIT_CONVERSION = YES;
				GCC_WARN_ABOUT_RETURN_TYPE = YES_ERROR;
				GCC_WARN_UNDECLARED_SELECTOR = YES;
				GCC_WARN_UNINITIALIZED_AUTOS = YES_AGGRESSIVE;
				GCC_WARN_UNUSED_FUNCTION = YES;
				GCC_WARN_UNUSED_VARIABLE = YES;
				IPHONEOS_DEPLOYMENT_TARGET = 12.0;
				MTL_ENABLE_DEBUG_INFO = INCLUDE_SOURCE;
				MTL_FAST_MATH = YES;
				ONLY_ACTIVE_ARCH = YES;
				SDKROOT = iphoneos;
				SWIFT_ACTIVE_COMPILATION_CONDITIONS = DEBUG;
				SWIFT_OPTIMIZATION_LEVEL = "-Onone";
			};
			name = Debug;
		};
		A2EFB017216CF2C500CC65DD /* Release */ = {
			isa = XCBuildConfiguration;
			buildSettings = {
				ALWAYS_SEARCH_USER_PATHS = NO;
				CLANG_ANALYZER_NONNULL = YES;
				CLANG_ANALYZER_NUMBER_OBJECT_CONVERSION = YES_AGGRESSIVE;
				CLANG_CXX_LANGUAGE_STANDARD = "gnu++14";
				CLANG_CXX_LIBRARY = "libc++";
				CLANG_ENABLE_MODULES = YES;
				CLANG_ENABLE_OBJC_ARC = YES;
				CLANG_ENABLE_OBJC_WEAK = YES;
				CLANG_WARN_BLOCK_CAPTURE_AUTORELEASING = YES;
				CLANG_WARN_BOOL_CONVERSION = YES;
				CLANG_WARN_COMMA = YES;
				CLANG_WARN_CONSTANT_CONVERSION = YES;
				CLANG_WARN_DEPRECATED_OBJC_IMPLEMENTATIONS = YES;
				CLANG_WARN_DIRECT_OBJC_ISA_USAGE = YES_ERROR;
				CLANG_WARN_DOCUMENTATION_COMMENTS = YES;
				CLANG_WARN_EMPTY_BODY = YES;
				CLANG_WARN_ENUM_CONVERSION = YES;
				CLANG_WARN_INFINITE_RECURSION = YES;
				CLANG_WARN_INT_CONVERSION = YES;
				CLANG_WARN_NON_LITERAL_NULL_CONVERSION = YES;
				CLANG_WARN_OBJC_IMPLICIT_RETAIN_SELF = YES;
				CLANG_WARN_OBJC_LITERAL_CONVERSION = YES;
				CLANG_WARN_OBJC_ROOT_CLASS = YES_ERROR;
				CLANG_WARN_RANGE_LOOP_ANALYSIS = YES;
				CLANG_WARN_STRICT_PROTOTYPES = YES;
				CLANG_WARN_SUSPICIOUS_MOVE = YES;
				CLANG_WARN_UNGUARDED_AVAILABILITY = YES_AGGRESSIVE;
				CLANG_WARN_UNREACHABLE_CODE = YES;
				CLANG_WARN__DUPLICATE_METHOD_MATCH = YES;
				CODE_SIGN_IDENTITY = "iPhone Developer";
				COPY_PHASE_STRIP = NO;
				DEBUG_INFORMATION_FORMAT = "dwarf-with-dsym";
				ENABLE_NS_ASSERTIONS = NO;
				ENABLE_STRICT_OBJC_MSGSEND = YES;
				GCC_C_LANGUAGE_STANDARD = gnu11;
				GCC_NO_COMMON_BLOCKS = YES;
				GCC_WARN_64_TO_32_BIT_CONVERSION = YES;
				GCC_WARN_ABOUT_RETURN_TYPE = YES_ERROR;
				GCC_WARN_UNDECLARED_SELECTOR = YES;
				GCC_WARN_UNINITIALIZED_AUTOS = YES_AGGRESSIVE;
				GCC_WARN_UNUSED_FUNCTION = YES;
				GCC_WARN_UNUSED_VARIABLE = YES;
				IPHONEOS_DEPLOYMENT_TARGET = 12.0;
				MTL_ENABLE_DEBUG_INFO = NO;
				MTL_FAST_MATH = YES;
				SDKROOT = iphoneos;
				SWIFT_COMPILATION_MODE = wholemodule;
				SWIFT_OPTIMIZATION_LEVEL = "-O";
				VALIDATE_PRODUCT = YES;
			};
			name = Release;
		};
		A2EFB019216CF2C500CC65DD /* Debug */ = {
			isa = XCBuildConfiguration;
			buildSettings = {
				ASSETCATALOG_COMPILER_APPICON_NAME = AppIcon;
				CODE_SIGN_STYLE = Automatic;
				DEVELOPMENT_TEAM = ULSKSPKFH7;
				INFOPLIST_FILE = "$(SRCROOT)/SouthPoleAnimations/Supporting Files/Info.plist";
				LD_RUNPATH_SEARCH_PATHS = (
					"$(inherited)",
					"@executable_path/Frameworks",
				);
				PRODUCT_BUNDLE_IDENTIFIER = com.marian.SouthPoleAnimations;
				PRODUCT_NAME = "$(TARGET_NAME)";
				SWIFT_VERSION = 4.2;
				TARGETED_DEVICE_FAMILY = "1,2";
			};
			name = Debug;
		};
		A2EFB01A216CF2C500CC65DD /* Release */ = {
			isa = XCBuildConfiguration;
			buildSettings = {
				ASSETCATALOG_COMPILER_APPICON_NAME = AppIcon;
				CODE_SIGN_STYLE = Automatic;
				DEVELOPMENT_TEAM = ULSKSPKFH7;
				INFOPLIST_FILE = "$(SRCROOT)/SouthPoleAnimations/Supporting Files/Info.plist";
				LD_RUNPATH_SEARCH_PATHS = (
					"$(inherited)",
					"@executable_path/Frameworks",
				);
				PRODUCT_BUNDLE_IDENTIFIER = com.marian.SouthPoleAnimations;
				PRODUCT_NAME = "$(TARGET_NAME)";
				SWIFT_VERSION = 4.2;
				TARGETED_DEVICE_FAMILY = "1,2";
			};
			name = Release;
		};
/* End XCBuildConfiguration section */

/* Begin XCConfigurationList section */
		A2EFB001216CF2B500CC65DD /* Build configuration list for PBXProject "SouthPoleAnimations" */ = {
			isa = XCConfigurationList;
			buildConfigurations = (
				A2EFB016216CF2C500CC65DD /* Debug */,
				A2EFB017216CF2C500CC65DD /* Release */,
			);
			defaultConfigurationIsVisible = 0;
			defaultConfigurationName = Release;
		};
		A2EFB018216CF2C500CC65DD /* Build configuration list for PBXNativeTarget "SouthPoleAnimations" */ = {
			isa = XCConfigurationList;
			buildConfigurations = (
				A2EFB019216CF2C500CC65DD /* Debug */,
				A2EFB01A216CF2C500CC65DD /* Release */,
			);
			defaultConfigurationIsVisible = 0;
			defaultConfigurationName = Release;
		};
/* End XCConfigurationList section */
	};
	rootObject = A2EFAFFE216CF2B500CC65DD /* Project object */;
}
